
Microsoft Visual Studio Solution File, Format Version 12.00
# Visual Studio Version 17
VisualStudioVersion = 17.3.32922.545
MinimumVisualStudioVersion = 10.0.40219.1
Project("{FAE04EC0-301F-11D3-BF4B-00C04F79EFBC}") = "CopyPasteExcel", "CopyPasteExcel\CopyPasteExcel.csproj", "{DADBD179-4755-4000-B662-82E5FC719398}"
EndProject
Global
	GlobalSection(SolutionConfigurationPlatforms) = preSolution
		Debug|Any CPU = Debug|Any CPU
		Release|Any CPU = Release|Any CPU
	EndGlobalSection
	GlobalSection(ProjectConfigurationPlatforms) = postSolution
		{DADBD179-4755-4000-B662-82E5FC719398}.Debug|Any CPU.ActiveCfg = Debug|Any CPU
		{DADBD179-4755-4000-B662-82E5FC719398}.Debug|Any CPU.Build.0 = Debug|Any CPU
		{DADBD179-4755-4000-B662-82E5FC719398}.Release|Any CPU.ActiveCfg = Release|Any CPU
		{DADBD179-4755-4000-B662-82E5FC719398}.Release|Any CPU.Build.0 = Release|Any CPU
	EndGlobalSection
	GlobalSection(SolutionProperties) = preSolution
		HideSolutionNode = FALSE
	EndGlobalSection
	GlobalSection(ExtensibilityGlobals) = postSolution
		SolutionGuid = {08B1CC63-2800-4872-82F5-736004E5C096}
	EndGlobalSection
EndGlobal
